// !$*UTF8*$!
{
	archiveVersion = 1;
	classes = {
	};
	objectVersion = 50;
	objects = {

/* Begin PBXBuildFile section */
		24450567BD303CB4BFFD4B31 /* Pods_parstagramUITests.framework in Frameworks */ = {isa = PBXBuildFile; fileRef = 6355543352F15D7FFCCD6F4E /* Pods_parstagramUITests.framework */; };
		6683CD1F2214A13DE7CBF214 /* Pods_parstagram.framework in Frameworks */ = {isa = PBXBuildFile; fileRef = 25C2CA44D3FD93428A4D626A /* Pods_parstagram.framework */; };
		A6F41C3DC60476DF00162703 /* Pods_parstagramTests.framework in Frameworks */ = {isa = PBXBuildFile; fileRef = 2DB2DFE08CE3217262CB485A /* Pods_parstagramTests.framework */; };
		AE32C22D22431D1B00C96709 /* AppDelegate.swift in Sources */ = {isa = PBXBuildFile; fileRef = AE32C22C22431D1B00C96709 /* AppDelegate.swift */; };
		AE32C23222431D1B00C96709 /* Main.storyboard in Resources */ = {isa = PBXBuildFile; fileRef = AE32C23022431D1B00C96709 /* Main.storyboard */; };
		AE32C23422431D1D00C96709 /* Assets.xcassets in Resources */ = {isa = PBXBuildFile; fileRef = AE32C23322431D1D00C96709 /* Assets.xcassets */; };
		AE32C23722431D1D00C96709 /* LaunchScreen.storyboard in Resources */ = {isa = PBXBuildFile; fileRef = AE32C23522431D1D00C96709 /* LaunchScreen.storyboard */; };
		AE32C24222431D1D00C96709 /* parstagramTests.swift in Sources */ = {isa = PBXBuildFile; fileRef = AE32C24122431D1D00C96709 /* parstagramTests.swift */; };
		AE32C24D22431D1D00C96709 /* parstagramUITests.swift in Sources */ = {isa = PBXBuildFile; fileRef = AE32C24C22431D1D00C96709 /* parstagramUITests.swift */; };
		AE6CCD5222432975000D9C1A /* LoginViewController.swift in Sources */ = {isa = PBXBuildFile; fileRef = AE6CCD5122432975000D9C1A /* LoginViewController.swift */; };
		AE6CCD542243298D000D9C1A /* FeedViewController.swift in Sources */ = {isa = PBXBuildFile; fileRef = AE6CCD532243298D000D9C1A /* FeedViewController.swift */; };
/* End PBXBuildFile section */

/* Begin PBXContainerItemProxy section */
		AE32C23E22431D1D00C96709 /* PBXContainerItemProxy */ = {
			isa = PBXContainerItemProxy;
			containerPortal = AE32C22122431D1B00C96709 /* Project object */;
			proxyType = 1;
			remoteGlobalIDString = AE32C22822431D1B00C96709;
			remoteInfo = parstagram;
		};
		AE32C24922431D1D00C96709 /* PBXContainerItemProxy */ = {
			isa = PBXContainerItemProxy;
			containerPortal = AE32C22122431D1B00C96709 /* Project object */;
			proxyType = 1;
			remoteGlobalIDString = AE32C22822431D1B00C96709;
			remoteInfo = parstagram;
		};
/* End PBXContainerItemProxy section */

/* Begin PBXFileReference section */
		23F09AD97C85FEA750611A0D /* Pods-parstagram.debug.xcconfig */ = {isa = PBXFileReference; includeInIndex = 1; lastKnownFileType = text.xcconfig; name = "Pods-parstagram.debug.xcconfig"; path = "Target Support Files/Pods-parstagram/Pods-parstagram.debug.xcconfig"; sourceTree = "<group>"; };
		25C2CA44D3FD93428A4D626A /* Pods_parstagram.framework */ = {isa = PBXFileReference; explicitFileType = wrapper.framework; includeInIndex = 0; path = Pods_parstagram.framework; sourceTree = BUILT_PRODUCTS_DIR; };
		2DB2DFE08CE3217262CB485A /* Pods_parstagramTests.framework */ = {isa = PBXFileReference; explicitFileType = wrapper.framework; includeInIndex = 0; path = Pods_parstagramTests.framework; sourceTree = BUILT_PRODUCTS_DIR; };
		4502A74986752B6F5196DBB3 /* Pods-parstagramUITests.debug.xcconfig */ = {isa = PBXFileReference; includeInIndex = 1; lastKnownFileType = text.xcconfig; name = "Pods-parstagramUITests.debug.xcconfig"; path = "Target Support Files/Pods-parstagramUITests/Pods-parstagramUITests.debug.xcconfig"; sourceTree = "<group>"; };
		6355543352F15D7FFCCD6F4E /* Pods_parstagramUITests.framework */ = {isa = PBXFileReference; explicitFileType = wrapper.framework; includeInIndex = 0; path = Pods_parstagramUITests.framework; sourceTree = BUILT_PRODUCTS_DIR; };
		816D047B2FA2FFB6CBDCA5AA /* Pods-parstagramTests.release.xcconfig */ = {isa = PBXFileReference; includeInIndex = 1; lastKnownFileType = text.xcconfig; name = "Pods-parstagramTests.release.xcconfig"; path = "Target Support Files/Pods-parstagramTests/Pods-parstagramTests.release.xcconfig"; sourceTree = "<group>"; };
		838F41234669195E30A7FE43 /* Pods-parstagram.release.xcconfig */ = {isa = PBXFileReference; includeInIndex = 1; lastKnownFileType = text.xcconfig; name = "Pods-parstagram.release.xcconfig"; path = "Target Support Files/Pods-parstagram/Pods-parstagram.release.xcconfig"; sourceTree = "<group>"; };
		8FD107D87742EE35443C8D7D /* Pods-parstagramUITests.release.xcconfig */ = {isa = PBXFileReference; includeInIndex = 1; lastKnownFileType = text.xcconfig; name = "Pods-parstagramUITests.release.xcconfig"; path = "Target Support Files/Pods-parstagramUITests/Pods-parstagramUITests.release.xcconfig"; sourceTree = "<group>"; };
		AE32C22922431D1B00C96709 /* parstagram.app */ = {isa = PBXFileReference; explicitFileType = wrapper.application; includeInIndex = 0; path = parstagram.app; sourceTree = BUILT_PRODUCTS_DIR; };
		AE32C22C22431D1B00C96709 /* AppDelegate.swift */ = {isa = PBXFileReference; lastKnownFileType = sourcecode.swift; path = AppDelegate.swift; sourceTree = "<group>"; };
		AE32C23122431D1B00C96709 /* Base */ = {isa = PBXFileReference; lastKnownFileType = file.storyboard; name = Base; path = Base.lproj/Main.storyboard; sourceTree = "<group>"; };
		AE32C23322431D1D00C96709 /* Assets.xcassets */ = {isa = PBXFileReference; lastKnownFileType = folder.assetcatalog; path = Assets.xcassets; sourceTree = "<group>"; };
		AE32C23622431D1D00C96709 /* Base */ = {isa = PBXFileReference; lastKnownFileType = file.storyboard; name = Base; path = Base.lproj/LaunchScreen.storyboard; sourceTree = "<group>"; };
		AE32C23822431D1D00C96709 /* Info.plist */ = {isa = PBXFileReference; lastKnownFileType = text.plist.xml; path = Info.plist; sourceTree = "<group>"; };
		AE32C23D22431D1D00C96709 /* parstagramTests.xctest */ = {isa = PBXFileReference; explicitFileType = wrapper.cfbundle; includeInIndex = 0; path = parstagramTests.xctest; sourceTree = BUILT_PRODUCTS_DIR; };
		AE32C24122431D1D00C96709 /* parstagramTests.swift */ = {isa = PBXFileReference; lastKnownFileType = sourcecode.swift; path = parstagramTests.swift; sourceTree = "<group>"; };
		AE32C24322431D1D00C96709 /* Info.plist */ = {isa = PBXFileReference; lastKnownFileType = text.plist.xml; path = Info.plist; sourceTree = "<group>"; };
		AE32C24822431D1D00C96709 /* parstagramUITests.xctest */ = {isa = PBXFileReference; explicitFileType = wrapper.cfbundle; includeInIndex = 0; path = parstagramUITests.xctest; sourceTree = BUILT_PRODUCTS_DIR; };
		AE32C24C22431D1D00C96709 /* parstagramUITests.swift */ = {isa = PBXFileReference; lastKnownFileType = sourcecode.swift; path = parstagramUITests.swift; sourceTree = "<group>"; };
		AE32C24E22431D1D00C96709 /* Info.plist */ = {isa = PBXFileReference; lastKnownFileType = text.plist.xml; path = Info.plist; sourceTree = "<group>"; };
		AE6CCD5122432975000D9C1A /* LoginViewController.swift */ = {isa = PBXFileReference; lastKnownFileType = sourcecode.swift; path = LoginViewController.swift; sourceTree = "<group>"; };
		AE6CCD532243298D000D9C1A /* FeedViewController.swift */ = {isa = PBXFileReference; lastKnownFileType = sourcecode.swift; path = FeedViewController.swift; sourceTree = "<group>"; };
		C7B616298B4B08CC3C686D40 /* Pods-parstagramTests.debug.xcconfig */ = {isa = PBXFileReference; includeInIndex = 1; lastKnownFileType = text.xcconfig; name = "Pods-parstagramTests.debug.xcconfig"; path = "Target Support Files/Pods-parstagramTests/Pods-parstagramTests.debug.xcconfig"; sourceTree = "<group>"; };
/* End PBXFileReference section */

/* Begin PBXFrameworksBuildPhase section */
		AE32C22622431D1B00C96709 /* Frameworks */ = {
			isa = PBXFrameworksBuildPhase;
			buildActionMask = 2147483647;
			files = (
				6683CD1F2214A13DE7CBF214 /* Pods_parstagram.framework in Frameworks */,
			);
			runOnlyForDeploymentPostprocessing = 0;
		};
		AE32C23A22431D1D00C96709 /* Frameworks */ = {
			isa = PBXFrameworksBuildPhase;
			buildActionMask = 2147483647;
			files = (
				A6F41C3DC60476DF00162703 /* Pods_parstagramTests.framework in Frameworks */,
			);
			runOnlyForDeploymentPostprocessing = 0;
		};
		AE32C24522431D1D00C96709 /* Frameworks */ = {
			isa = PBXFrameworksBuildPhase;
			buildActionMask = 2147483647;
			files = (
				24450567BD303CB4BFFD4B31 /* Pods_parstagramUITests.framework in Frameworks */,
			);
			runOnlyForDeploymentPostprocessing = 0;
		};
/* End PBXFrameworksBuildPhase section */

/* Begin PBXGroup section */
		6B945DA47B546ECC54ED5633 /* Pods */ = {
			isa = PBXGroup;
			children = (
				23F09AD97C85FEA750611A0D /* Pods-parstagram.debug.xcconfig */,
				838F41234669195E30A7FE43 /* Pods-parstagram.release.xcconfig */,
				C7B616298B4B08CC3C686D40 /* Pods-parstagramTests.debug.xcconfig */,
				816D047B2FA2FFB6CBDCA5AA /* Pods-parstagramTests.release.xcconfig */,
				4502A74986752B6F5196DBB3 /* Pods-parstagramUITests.debug.xcconfig */,
				8FD107D87742EE35443C8D7D /* Pods-parstagramUITests.release.xcconfig */,
			);
			path = Pods;
			sourceTree = "<group>";
		};
		AE32C22022431D1B00C96709 = {
			isa = PBXGroup;
			children = (
				AE32C22B22431D1B00C96709 /* parstagram */,
				AE32C24022431D1D00C96709 /* parstagramTests */,
				AE32C24B22431D1D00C96709 /* parstagramUITests */,
				AE32C22A22431D1B00C96709 /* Products */,
				6B945DA47B546ECC54ED5633 /* Pods */,
				F9B6E45A441EC22AEF2EC00D /* Frameworks */,
			);
			sourceTree = "<group>";
		};
		AE32C22A22431D1B00C96709 /* Products */ = {
			isa = PBXGroup;
			children = (
				AE32C22922431D1B00C96709 /* parstagram.app */,
				AE32C23D22431D1D00C96709 /* parstagramTests.xctest */,
				AE32C24822431D1D00C96709 /* parstagramUITests.xctest */,
			);
			name = Products;
			sourceTree = "<group>";
		};
		AE32C22B22431D1B00C96709 /* parstagram */ = {
			isa = PBXGroup;
			children = (
				AE32C22C22431D1B00C96709 /* AppDelegate.swift */,
				AE32C23022431D1B00C96709 /* Main.storyboard */,
				AE32C23322431D1D00C96709 /* Assets.xcassets */,
				AE32C23522431D1D00C96709 /* LaunchScreen.storyboard */,
				AE32C23822431D1D00C96709 /* Info.plist */,
				AE6CCD5122432975000D9C1A /* LoginViewController.swift */,
				AE6CCD532243298D000D9C1A /* FeedViewController.swift */,
			);
			path = parstagram;
			sourceTree = "<group>";
		};
		AE32C24022431D1D00C96709 /* parstagramTests */ = {
			isa = PBXGroup;
			children = (
				AE32C24122431D1D00C96709 /* parstagramTests.swift */,
				AE32C24322431D1D00C96709 /* Info.plist */,
			);
			path = parstagramTests;
			sourceTree = "<group>";
		};
		AE32C24B22431D1D00C96709 /* parstagramUITests */ = {
			isa = PBXGroup;
			children = (
				AE32C24C22431D1D00C96709 /* parstagramUITests.swift */,
				AE32C24E22431D1D00C96709 /* Info.plist */,
			);
			path = parstagramUITests;
			sourceTree = "<group>";
		};
		F9B6E45A441EC22AEF2EC00D /* Frameworks */ = {
			isa = PBXGroup;
			children = (
				25C2CA44D3FD93428A4D626A /* Pods_parstagram.framework */,
				2DB2DFE08CE3217262CB485A /* Pods_parstagramTests.framework */,
				6355543352F15D7FFCCD6F4E /* Pods_parstagramUITests.framework */,
			);
			name = Frameworks;
			sourceTree = "<group>";
		};
/* End PBXGroup section */

/* Begin PBXNativeTarget section */
		AE32C22822431D1B00C96709 /* parstagram */ = {
			isa = PBXNativeTarget;
			buildConfigurationList = AE32C25122431D1D00C96709 /* Build configuration list for PBXNativeTarget "parstagram" */;
			buildPhases = (
				D35E7AFED22760E9694484EE /* [CP] Check Pods Manifest.lock */,
				AE32C22522431D1B00C96709 /* Sources */,
				AE32C22622431D1B00C96709 /* Frameworks */,
				AE32C22722431D1B00C96709 /* Resources */,
				E2CB4FF0FA78498B5ECC3A93 /* [CP] Embed Pods Frameworks */,
			);
			buildRules = (
			);
			dependencies = (
			);
			name = parstagram;
			productName = parstagram;
			productReference = AE32C22922431D1B00C96709 /* parstagram.app */;
			productType = "com.apple.product-type.application";
		};
		AE32C23C22431D1D00C96709 /* parstagramTests */ = {
			isa = PBXNativeTarget;
			buildConfigurationList = AE32C25422431D1D00C96709 /* Build configuration list for PBXNativeTarget "parstagramTests" */;
			buildPhases = (
				CCEED783D14C239EAB521861 /* [CP] Check Pods Manifest.lock */,
				AE32C23922431D1D00C96709 /* Sources */,
				AE32C23A22431D1D00C96709 /* Frameworks */,
				AE32C23B22431D1D00C96709 /* Resources */,
			);
			buildRules = (
			);
			dependencies = (
				AE32C23F22431D1D00C96709 /* PBXTargetDependency */,
			);
			name = parstagramTests;
			productName = parstagramTests;
			productReference = AE32C23D22431D1D00C96709 /* parstagramTests.xctest */;
			productType = "com.apple.product-type.bundle.unit-test";
		};
		AE32C24722431D1D00C96709 /* parstagramUITests */ = {
			isa = PBXNativeTarget;
			buildConfigurationList = AE32C25722431D1D00C96709 /* Build configuration list for PBXNativeTarget "parstagramUITests" */;
			buildPhases = (
				BAE0C4A00B4890A676E72DDC /* [CP] Check Pods Manifest.lock */,
				AE32C24422431D1D00C96709 /* Sources */,
				AE32C24522431D1D00C96709 /* Frameworks */,
				AE32C24622431D1D00C96709 /* Resources */,
			);
			buildRules = (
			);
			dependencies = (
				AE32C24A22431D1D00C96709 /* PBXTargetDependency */,
			);
			name = parstagramUITests;
			productName = parstagramUITests;
			productReference = AE32C24822431D1D00C96709 /* parstagramUITests.xctest */;
			productType = "com.apple.product-type.bundle.ui-testing";
		};
/* End PBXNativeTarget section */

/* Begin PBXProject section */
		AE32C22122431D1B00C96709 /* Project object */ = {
			isa = PBXProject;
			attributes = {
				LastSwiftUpdateCheck = 1010;
				LastUpgradeCheck = 1010;
				ORGANIZATIONNAME = "lanka vidanapathirana";
				TargetAttributes = {
					AE32C22822431D1B00C96709 = {
						CreatedOnToolsVersion = 10.1;
					};
					AE32C23C22431D1D00C96709 = {
						CreatedOnToolsVersion = 10.1;
						TestTargetID = AE32C22822431D1B00C96709;
					};
					AE32C24722431D1D00C96709 = {
						CreatedOnToolsVersion = 10.1;
						TestTargetID = AE32C22822431D1B00C96709;
					};
				};
			};
			buildConfigurationList = AE32C22422431D1B00C96709 /* Build configuration list for PBXProject "parstagram" */;
			compatibilityVersion = "Xcode 9.3";
			developmentRegion = en;
			hasScannedForEncodings = 0;
			knownRegions = (
				en,
				Base,
			);
			mainGroup = AE32C22022431D1B00C96709;
			productRefGroup = AE32C22A22431D1B00C96709 /* Products */;
			projectDirPath = "";
			projectRoot = "";
			targets = (
				AE32C22822431D1B00C96709 /* parstagram */,
				AE32C23C22431D1D00C96709 /* parstagramTests */,
				AE32C24722431D1D00C96709 /* parstagramUITests */,
			);
		};
/* End PBXProject section */

/* Begin PBXResourcesBuildPhase section */
		AE32C22722431D1B00C96709 /* Resources */ = {
			isa = PBXResourcesBuildPhase;
			buildActionMask = 2147483647;
			files = (
				AE32C23722431D1D00C96709 /* LaunchScreen.storyboard in Resources */,
				AE32C23422431D1D00C96709 /* Assets.xcassets in Resources */,
				AE32C23222431D1B00C96709 /* Main.storyboard in Resources */,
			);
			runOnlyForDeploymentPostprocessing = 0;
		};
		AE32C23B22431D1D00C96709 /* Resources */ = {
			isa = PBXResourcesBuildPhase;
			buildActionMask = 2147483647;
			files = (
			);
			runOnlyForDeploymentPostprocessing = 0;
		};
		AE32C24622431D1D00C96709 /* Resources */ = {
			isa = PBXResourcesBuildPhase;
			buildActionMask = 2147483647;
			files = (
			);
			runOnlyForDeploymentPostprocessing = 0;
		};
/* End PBXResourcesBuildPhase section */

/* Begin PBXShellScriptBuildPhase section */
		BAE0C4A00B4890A676E72DDC /* [CP] Check Pods Manifest.lock */ = {
			isa = PBXShellScriptBuildPhase;
			buildActionMask = 2147483647;
			files = (
			);
			inputFileListPaths = (
			);
			inputPaths = (
				"${PODS_PODFILE_DIR_PATH}/Podfile.lock",
				"${PODS_ROOT}/Manifest.lock",
			);
			name = "[CP] Check Pods Manifest.lock";
			outputFileListPaths = (
			);
			outputPaths = (
				"$(DERIVED_FILE_DIR)/Pods-parstagramUITests-checkManifestLockResult.txt",
			);
			runOnlyForDeploymentPostprocessing = 0;
			shellPath = /bin/sh;
			shellScript = "diff \"${PODS_PODFILE_DIR_PATH}/Podfile.lock\" \"${PODS_ROOT}/Manifest.lock\" > /dev/null\nif [ $? != 0 ] ; then\n    # print error to STDERR\n    echo \"error: The sandbox is not in sync with the Podfile.lock. Run 'pod install' or update your CocoaPods installation.\" >&2\n    exit 1\nfi\n# This output is used by Xcode 'outputs' to avoid re-running this script phase.\necho \"SUCCESS\" > \"${SCRIPT_OUTPUT_FILE_0}\"\n";
			showEnvVarsInLog = 0;
		};
		CCEED783D14C239EAB521861 /* [CP] Check Pods Manifest.lock */ = {
			isa = PBXShellScriptBuildPhase;
			buildActionMask = 2147483647;
			files = (
			);
			inputFileListPaths = (
			);
			inputPaths = (
				"${PODS_PODFILE_DIR_PATH}/Podfile.lock",
				"${PODS_ROOT}/Manifest.lock",
			);
			name = "[CP] Check Pods Manifest.lock";
			outputFileListPaths = (
			);
			outputPaths = (
				"$(DERIVED_FILE_DIR)/Pods-parstagramTests-checkManifestLockResult.txt",
			);
			runOnlyForDeploymentPostprocessing = 0;
			shellPath = /bin/sh;
			shellScript = "diff \"${PODS_PODFILE_DIR_PATH}/Podfile.lock\" \"${PODS_ROOT}/Manifest.lock\" > /dev/null\nif [ $? != 0 ] ; then\n    # print error to STDERR\n    echo \"error: The sandbox is not in sync with the Podfile.lock. Run 'pod install' or update your CocoaPods installation.\" >&2\n    exit 1\nfi\n# This output is used by Xcode 'outputs' to avoid re-running this script phase.\necho \"SUCCESS\" > \"${SCRIPT_OUTPUT_FILE_0}\"\n";
			showEnvVarsInLog = 0;
		};
		D35E7AFED22760E9694484EE /* [CP] Check Pods Manifest.lock */ = {
			isa = PBXShellScriptBuildPhase;
			buildActionMask = 2147483647;
			files = (
			);
			inputFileListPaths = (
			);
			inputPaths = (
				"${PODS_PODFILE_DIR_PATH}/Podfile.lock",
				"${PODS_ROOT}/Manifest.lock",
			);
			name = "[CP] Check Pods Manifest.lock";
			outputFileListPaths = (
			);
			outputPaths = (
				"$(DERIVED_FILE_DIR)/Pods-parstagram-checkManifestLockResult.txt",
			);
			runOnlyForDeploymentPostprocessing = 0;
			shellPath = /bin/sh;
			shellScript = "diff \"${PODS_PODFILE_DIR_PATH}/Podfile.lock\" \"${PODS_ROOT}/Manifest.lock\" > /dev/null\nif [ $? != 0 ] ; then\n    # print error to STDERR\n    echo \"error: The sandbox is not in sync with the Podfile.lock. Run 'pod install' or update your CocoaPods installation.\" >&2\n    exit 1\nfi\n# This output is used by Xcode 'outputs' to avoid re-running this script phase.\necho \"SUCCESS\" > \"${SCRIPT_OUTPUT_FILE_0}\"\n";
			showEnvVarsInLog = 0;
		};
		E2CB4FF0FA78498B5ECC3A93 /* [CP] Embed Pods Frameworks */ = {
			isa = PBXShellScriptBuildPhase;
			buildActionMask = 2147483647;
			files = (
			);
			inputFileListPaths = (
			);
			inputPaths = (
				"${PODS_ROOT}/Target Support Files/Pods-parstagram/Pods-parstagram-frameworks.sh",
				"${BUILT_PRODUCTS_DIR}/Alamofire/Alamofire.framework",
				"${BUILT_PRODUCTS_DIR}/AlamofireImage/AlamofireImage.framework",
				"${BUILT_PRODUCTS_DIR}/Bolts/Bolts.framework",
				"${BUILT_PRODUCTS_DIR}/Parse/Parse.framework",
			);
			name = "[CP] Embed Pods Frameworks";
			outputFileListPaths = (
			);
			outputPaths = (
				"${TARGET_BUILD_DIR}/${FRAMEWORKS_FOLDER_PATH}/Alamofire.framework",
				"${TARGET_BUILD_DIR}/${FRAMEWORKS_FOLDER_PATH}/AlamofireImage.framework",
				"${TARGET_BUILD_DIR}/${FRAMEWORKS_FOLDER_PATH}/Bolts.framework",
				"${TARGET_BUILD_DIR}/${FRAMEWORKS_FOLDER_PATH}/Parse.framework",
			);
			runOnlyForDeploymentPostprocessing = 0;
			shellPath = /bin/sh;
			shellScript = "\"${PODS_ROOT}/Target Support Files/Pods-parstagram/Pods-parstagram-frameworks.sh\"\n";
			showEnvVarsInLog = 0;
		};
/* End PBXShellScriptBuildPhase section */

/* Begin PBXSourcesBuildPhase section */
		AE32C22522431D1B00C96709 /* Sources */ = {
			isa = PBXSourcesBuildPhase;
			buildActionMask = 2147483647;
			files = (
				AE6CCD5222432975000D9C1A /* LoginViewController.swift in Sources */,
				AE6CCD542243298D000D9C1A /* FeedViewController.swift in Sources */,
				AE32C22D22431D1B00C96709 /* AppDelegate.swift in Sources */,
			);
			runOnlyForDeploymentPostprocessing = 0;
		};
		AE32C23922431D1D00C96709 /* Sources */ = {
			isa = PBXSourcesBuildPhase;
			buildActionMask = 2147483647;
			files = (
				AE32C24222431D1D00C96709 /* parstagramTests.swift in Sources */,
			);
			runOnlyForDeploymentPostprocessing = 0;
		};
		AE32C24422431D1D00C96709 /* Sources */ = {
			isa = PBXSourcesBuildPhase;
			buildActionMask = 2147483647;
			files = (
				AE32C24D22431D1D00C96709 /* parstagramUITests.swift in Sources */,
			);
			runOnlyForDeploymentPostprocessing = 0;
		};
/* End PBXSourcesBuildPhase section */

/* Begin PBXTargetDependency section */
		AE32C23F22431D1D00C96709 /* PBXTargetDependency */ = {
			isa = PBXTargetDependency;
			target = AE32C22822431D1B00C96709 /* parstagram */;
			targetProxy = AE32C23E22431D1D00C96709 /* PBXContainerItemProxy */;
		};
		AE32C24A22431D1D00C96709 /* PBXTargetDependency */ = {
			isa = PBXTargetDependency;
			target = AE32C22822431D1B00C96709 /* parstagram */;
			targetProxy = AE32C24922431D1D00C96709 /* PBXContainerItemProxy */;
		};
/* End PBXTargetDependency section */

/* Begin PBXVariantGroup section */
		AE32C23022431D1B00C96709 /* Main.storyboard */ = {
			isa = PBXVariantGroup;
			children = (
				AE32C23122431D1B00C96709 /* Base */,
			);
			name = Main.storyboard;
			sourceTree = "<group>";
		};
		AE32C23522431D1D00C96709 /* LaunchScreen.storyboard */ = {
			isa = PBXVariantGroup;
			children = (
				AE32C23622431D1D00C96709 /* Base */,
			);
			name = LaunchScreen.storyboard;
			sourceTree = "<group>";
		};
/* End PBXVariantGroup section */

/* Begin XCBuildConfiguration section */
		AE32C24F22431D1D00C96709 /* Debug */ = {
			isa = XCBuildConfiguration;
			buildSettings = {
				ALWAYS_SEARCH_USER_PATHS = NO;
				CLANG_ANALYZER_NONNULL = YES;
				CLANG_ANALYZER_NUMBER_OBJECT_CONVERSION = YES_AGGRESSIVE;
				CLANG_CXX_LANGUAGE_STANDARD = "gnu++14";
				CLANG_CXX_LIBRARY = "libc++";
				CLANG_ENABLE_MODULES = YES;
				CLANG_ENABLE_OBJC_ARC = YES;
				CLANG_ENABLE_OBJC_WEAK = YES;
				CLANG_WARN_BLOCK_CAPTURE_AUTORELEASING = YES;
				CLANG_WARN_BOOL_CONVERSION = YES;
				CLANG_WARN_COMMA = YES;
				CLANG_WARN_CONSTANT_CONVERSION = YES;
				CLANG_WARN_DEPRECATED_OBJC_IMPLEMENTATIONS = YES;
				CLANG_WARN_DIRECT_OBJC_ISA_USAGE = YES_ERROR;
				CLANG_WARN_DOCUMENTATION_COMMENTS = YES;
				CLANG_WARN_EMPTY_BODY = YES;
				CLANG_WARN_ENUM_CONVERSION = YES;
				CLANG_WARN_INFINITE_RECURSION = YES;
				CLANG_WARN_INT_CONVERSION = YES;
				CLANG_WARN_NON_LITERAL_NULL_CONVERSION = YES;
				CLANG_WARN_OBJC_IMPLICIT_RETAIN_SELF = YES;
				CLANG_WARN_OBJC_LITERAL_CONVERSION = YES;
				CLANG_WARN_OBJC_ROOT_CLASS = YES_ERROR;
				CLANG_WARN_RANGE_LOOP_ANALYSIS = YES;
				CLANG_WARN_STRICT_PROTOTYPES = YES;
				CLANG_WARN_SUSPICIOUS_MOVE = YES;
				CLANG_WARN_UNGUARDED_AVAILABILITY = YES_AGGRESSIVE;
				CLANG_WARN_UNREACHABLE_CODE = YES;
				CLANG_WARN__DUPLICATE_METHOD_MATCH = YES;
				CODE_SIGN_IDENTITY = "iPhone Developer";
				COPY_PHASE_STRIP = NO;
				DEBUG_INFORMATION_FORMAT = dwarf;
				ENABLE_STRICT_OBJC_MSGSEND = YES;
				ENABLE_TESTABILITY = YES;
				GCC_C_LANGUAGE_STANDARD = gnu11;
				GCC_DYNAMIC_NO_PIC = NO;
				GCC_NO_COMMON_BLOCKS = YES;
				GCC_OPTIMIZATION_LEVEL = 0;
				GCC_PREPROCESSOR_DEFINITIONS = (
					"DEBUG=1",
					"$(inherited)",
				);
				GCC_WARN_64_TO_32_BIT_CONVERSION = YES;
				GCC_WARN_ABOUT_RETURN_TYPE = YES_ERROR;
				GCC_WARN_UNDECLARED_SELECTOR = YES;
				GCC_WARN_UNINITIALIZED_AUTOS = YES_AGGRESSIVE;
				GCC_WARN_UNUSED_FUNCTION = YES;
				GCC_WARN_UNUSED_VARIABLE = YES;
				IPHONEOS_DEPLOYMENT_TARGET = 12.1;
				MTL_ENABLE_DEBUG_INFO = INCLUDE_SOURCE;
				MTL_FAST_MATH = YES;
				ONLY_ACTIVE_ARCH = YES;
				SDKROOT = iphoneos;
				SWIFT_ACTIVE_COMPILATION_CONDITIONS = DEBUG;
				SWIFT_OPTIMIZATION_LEVEL = "-Onone";
			};
			name = Debug;
		};
		AE32C25022431D1D00C96709 /* Release */ = {
			isa = XCBuildConfiguration;
			buildSettings = {
				ALWAYS_SEARCH_USER_PATHS = NO;
				CLANG_ANALYZER_NONNULL = YES;
				CLANG_ANALYZER_NUMBER_OBJECT_CONVERSION = YES_AGGRESSIVE;
				CLANG_CXX_LANGUAGE_STANDARD = "gnu++14";
				CLANG_CXX_LIBRARY = "libc++";
				CLANG_ENABLE_MODULES = YES;
				CLANG_ENABLE_OBJC_ARC = YES;
				CLANG_ENABLE_OBJC_WEAK = YES;
				CLANG_WARN_BLOCK_CAPTURE_AUTORELEASING = YES;
				CLANG_WARN_BOOL_CONVERSION = YES;
				CLANG_WARN_COMMA = YES;
				CLANG_WARN_CONSTANT_CONVERSION = YES;
				CLANG_WARN_DEPRECATED_OBJC_IMPLEMENTATIONS = YES;
				CLANG_WARN_DIRECT_OBJC_ISA_USAGE = YES_ERROR;
				CLANG_WARN_DOCUMENTATION_COMMENTS = YES;
				CLANG_WARN_EMPTY_BODY = YES;
				CLANG_WARN_ENUM_CONVERSION = YES;
				CLANG_WARN_INFINITE_RECURSION = YES;
				CLANG_WARN_INT_CONVERSION = YES;
				CLANG_WARN_NON_LITERAL_NULL_CONVERSION = YES;
				CLANG_WARN_OBJC_IMPLICIT_RETAIN_SELF = YES;
				CLANG_WARN_OBJC_LITERAL_CONVERSION = YES;
				CLANG_WARN_OBJC_ROOT_CLASS = YES_ERROR;
				CLANG_WARN_RANGE_LOOP_ANALYSIS = YES;
				CLANG_WARN_STRICT_PROTOTYPES = YES;
				CLANG_WARN_SUSPICIOUS_MOVE = YES;
				CLANG_WARN_UNGUARDED_AVAILABILITY = YES_AGGRESSIVE;
				CLANG_WARN_UNREACHABLE_CODE = YES;
				CLANG_WARN__DUPLICATE_METHOD_MATCH = YES;
				CODE_SIGN_IDENTITY = "iPhone Developer";
				COPY_PHASE_STRIP = NO;
				DEBUG_INFORMATION_FORMAT = "dwarf-with-dsym";
				ENABLE_NS_ASSERTIONS = NO;
				ENABLE_STRICT_OBJC_MSGSEND = YES;
				GCC_C_LANGUAGE_STANDARD = gnu11;
				GCC_NO_COMMON_BLOCKS = YES;
				GCC_WARN_64_TO_32_BIT_CONVERSION = YES;
				GCC_WARN_ABOUT_RETURN_TYPE = YES_ERROR;
				GCC_WARN_UNDECLARED_SELECTOR = YES;
				GCC_WARN_UNINITIALIZED_AUTOS = YES_AGGRESSIVE;
				GCC_WARN_UNUSED_FUNCTION = YES;
				GCC_WARN_UNUSED_VARIABLE = YES;
				IPHONEOS_DEPLOYMENT_TARGET = 12.1;
				MTL_ENABLE_DEBUG_INFO = NO;
				MTL_FAST_MATH = YES;
				SDKROOT = iphoneos;
				SWIFT_COMPILATION_MODE = wholemodule;
				SWIFT_OPTIMIZATION_LEVEL = "-O";
				VALIDATE_PRODUCT = YES;
			};
			name = Release;
		};
		AE32C25222431D1D00C96709 /* Debug */ = {
			isa = XCBuildConfiguration;
			baseConfigurationReference = 23F09AD97C85FEA750611A0D /* Pods-parstagram.debug.xcconfig */;
			buildSettings = {
				ASSETCATALOG_COMPILER_APPICON_NAME = AppIcon;
				CODE_SIGN_STYLE = Automatic;
				INFOPLIST_FILE = parstagram/Info.plist;
				LD_RUNPATH_SEARCH_PATHS = (
					"$(inherited)",
					"@executable_path/Frameworks",
				);
				PRODUCT_BUNDLE_IDENTIFIER = lanka.parstagram;
				PRODUCT_NAME = "$(TARGET_NAME)";
				SWIFT_VERSION = 4.2;
				TARGETED_DEVICE_FAMILY = "1,2";
			};
			name = Debug;
		};
		AE32C25322431D1D00C96709 /* Release */ = {
			isa = XCBuildConfiguration;
			baseConfigurationReference = 838F41234669195E30A7FE43 /* Pods-parstagram.release.xcconfig */;
			buildSettings = {
				ASSETCATALOG_COMPILER_APPICON_NAME = AppIcon;
				CODE_SIGN_STYLE = Automatic;
				INFOPLIST_FILE = parstagram/Info.plist;
				LD_RUNPATH_SEARCH_PATHS = (
					"$(inherited)",
					"@executable_path/Frameworks",
				);
				PRODUCT_BUNDLE_IDENTIFIER = lanka.parstagram;
				PRODUCT_NAME = "$(TARGET_NAME)";
				SWIFT_VERSION = 4.2;
				TARGETED_DEVICE_FAMILY = "1,2";
			};
			name = Release;
		};
		AE32C25522431D1D00C96709 /* Debug */ = {
			isa = XCBuildConfiguration;
			baseConfigurationReference = C7B616298B4B08CC3C686D40 /* Pods-parstagramTests.debug.xcconfig */;
			buildSettings = {
				ALWAYS_EMBED_SWIFT_STANDARD_LIBRARIES = YES;
				BUNDLE_LOADER = "$(TEST_HOST)";
				CODE_SIGN_STYLE = Automatic;
				INFOPLIST_FILE = parstagramTests/Info.plist;
				LD_RUNPATH_SEARCH_PATHS = (
					"$(inherited)",
					"@executable_path/Frameworks",
					"@loader_path/Frameworks",
				);
				PRODUCT_BUNDLE_IDENTIFIER = lanka.parstagramTests;
				PRODUCT_NAME = "$(TARGET_NAME)";
				SWIFT_VERSION = 4.2;
				TARGETED_DEVICE_FAMILY = "1,2";
				TEST_HOST = "$(BUILT_PRODUCTS_DIR)/parstagram.app/parstagram";
			};
			name = Debug;
		};
		AE32C25622431D1D00C96709 /* Release */ = {
			isa = XCBuildConfiguration;
			baseConfigurationReference = 816D047B2FA2FFB6CBDCA5AA /* Pods-parstagramTests.release.xcconfig */;
			buildSettings = {
				ALWAYS_EMBED_SWIFT_STANDARD_LIBRARIES = YES;
				BUNDLE_LOADER = "$(TEST_HOST)";
				CODE_SIGN_STYLE = Automatic;
				INFOPLIST_FILE = parstagramTests/Info.plist;
				LD_RUNPATH_SEARCH_PATHS = (
					"$(inherited)",
					"@executable_path/Frameworks",
					"@loader_path/Frameworks",
				);
				PRODUCT_BUNDLE_IDENTIFIER = lanka.parstagramTests;
				PRODUCT_NAME = "$(TARGET_NAME)";
				SWIFT_VERSION = 4.2;
				TARGETED_DEVICE_FAMILY = "1,2";
				TEST_HOST = "$(BUILT_PRODUCTS_DIR)/parstagram.app/parstagram";
			};
			name = Release;
		};
		AE32C25822431D1D00C96709 /* Debug */ = {
			isa = XCBuildConfiguration;
			baseConfigurationReference = 4502A74986752B6F5196DBB3 /* Pods-parstagramUITests.debug.xcconfig */;
			buildSettings = {
				ALWAYS_EMBED_SWIFT_STANDARD_LIBRARIES = YES;
				CODE_SIGN_STYLE = Automatic;
				INFOPLIST_FILE = parstagramUITests/Info.plist;
				LD_RUNPATH_SEARCH_PATHS = (
					"$(inherited)",
					"@executable_path/Frameworks",
					"@loader_path/Frameworks",
				);
				PRODUCT_BUNDLE_IDENTIFIER = lanka.parstagramUITests;
				PRODUCT_NAME = "$(TARGET_NAME)";
				SWIFT_VERSION = 4.2;
				TARGETED_DEVICE_FAMILY = "1,2";
				TEST_TARGET_NAME = parstagram;
			};
			name = Debug;
		};
		AE32C25922431D1D00C96709 /* Release */ = {
			isa = XCBuildConfiguration;
			baseConfigurationReference = 8FD107D87742EE35443C8D7D /* Pods-parstagramUITests.release.xcconfig */;
			buildSettings = {
				ALWAYS_EMBED_SWIFT_STANDARD_LIBRARIES = YES;
				CODE_SIGN_STYLE = Automatic;
				INFOPLIST_FILE = parstagramUITests/Info.plist;
				LD_RUNPATH_SEARCH_PATHS = (
					"$(inherited)",
					"@executable_path/Frameworks",
					"@loader_path/Frameworks",
				);
				PRODUCT_BUNDLE_IDENTIFIER = lanka.parstagramUITests;
				PRODUCT_NAME = "$(TARGET_NAME)";
				SWIFT_VERSION = 4.2;
				TARGETED_DEVICE_FAMILY = "1,2";
				TEST_TARGET_NAME = parstagram;
			};
			name = Release;
		};
/* End XCBuildConfiguration section */

/* Begin XCConfigurationList section */
		AE32C22422431D1B00C96709 /* Build configuration list for PBXProject "parstagram" */ = {
			isa = XCConfigurationList;
			buildConfigurations = (
				AE32C24F22431D1D00C96709 /* Debug */,
				AE32C25022431D1D00C96709 /* Release */,
			);
			defaultConfigurationIsVisible = 0;
			defaultConfigurationName = Release;
		};
		AE32C25122431D1D00C96709 /* Build configuration list for PBXNativeTarget "parstagram" */ = {
			isa = XCConfigurationList;
			buildConfigurations = (
				AE32C25222431D1D00C96709 /* Debug */,
				AE32C25322431D1D00C96709 /* Release */,
			);
			defaultConfigurationIsVisible = 0;
			defaultConfigurationName = Release;
		};
		AE32C25422431D1D00C96709 /* Build configuration list for PBXNativeTarget "parstagramTests" */ = {
			isa = XCConfigurationList;
			buildConfigurations = (
				AE32C25522431D1D00C96709 /* Debug */,
				AE32C25622431D1D00C96709 /* Release */,
			);
			defaultConfigurationIsVisible = 0;
			defaultConfigurationName = Release;
		};
		AE32C25722431D1D00C96709 /* Build configuration list for PBXNativeTarget "parstagramUITests" */ = {
			isa = XCConfigurationList;
			buildConfigurations = (
				AE32C25822431D1D00C96709 /* Debug */,
				AE32C25922431D1D00C96709 /* Release */,
			);
			defaultConfigurationIsVisible = 0;
			defaultConfigurationName = Release;
		};
/* End XCConfigurationList section */
	};
	rootObject = AE32C22122431D1B00C96709 /* Project object */;
}
